
Microsoft Visual Studio Solution File, Format Version 12.00
# Visual Studio Version 17
VisualStudioVersion = 17.5.33530.505
MinimumVisualStudioVersion = 10.0.40219.1
Project("{FAE04EC0-301F-11D3-BF4B-00C04F79EFBC}") = "SportStore", "SportStore.csproj", "{2CAA6997-F6D3-45B3-BFEC-AB018AC8502B}"
EndProject
Global
	GlobalSection(SolutionConfigurationPlatforms) = preSolution
		Debug|Any CPU = Debug|Any CPU
		Release|Any CPU = Release|Any CPU
	EndGlobalSection
	GlobalSection(ProjectConfigurationPlatforms) = postSolution
		{2CAA6997-F6D3-45B3-BFEC-AB018AC8502B}.Debug|Any CPU.ActiveCfg = Debug|Any CPU
		{2CAA6997-F6D3-45B3-BFEC-AB018AC8502B}.Debug|Any CPU.Build.0 = Debug|Any CPU
		{2CAA6997-F6D3-45B3-BFEC-AB018AC8502B}.Release|Any CPU.ActiveCfg = Release|Any CPU
		{2CAA6997-F6D3-45B3-BFEC-AB018AC8502B}.Release|Any CPU.Build.0 = Release|Any CPU
	EndGlobalSection
	GlobalSection(SolutionProperties) = preSolution
		HideSolutionNode = FALSE
	EndGlobalSection
	GlobalSection(ExtensibilityGlobals) = postSolution
		SolutionGuid = {BAC589D8-D743-4863-A7DA-DC36C7947BFF}
	EndGlobalSection
EndGlobal
